// !$*UTF8*$!
{
	archiveVersion = 1;
	classes = {
	};
	objectVersion = 46;
	objects = {

/* Begin PBXBuildFile section */
		AF3983951DCDAE33006503FC /* AppDelegate.swift in Sources */ = {isa = PBXBuildFile; fileRef = AF3983941DCDAE33006503FC /* AppDelegate.swift */; };
		AF3983971DCDAE33006503FC /* ViewController.swift in Sources */ = {isa = PBXBuildFile; fileRef = AF3983961DCDAE33006503FC /* ViewController.swift */; };
		AF39839C1DCDAE33006503FC /* Assets.xcassets in Resources */ = {isa = PBXBuildFile; fileRef = AF39839B1DCDAE33006503FC /* Assets.xcassets */; };
		AF39839F1DCDAE33006503FC /* LaunchScreen.storyboard in Resources */ = {isa = PBXBuildFile; fileRef = AF39839D1DCDAE33006503FC /* LaunchScreen.storyboard */; };
		AF3983AA1DCDAE34006503FC /* QuizTests.swift in Sources */ = {isa = PBXBuildFile; fileRef = AF3983A91DCDAE34006503FC /* QuizTests.swift */; };
		AF3983B51DCDAE34006503FC /* QuizUITests.swift in Sources */ = {isa = PBXBuildFile; fileRef = AF3983B41DCDAE34006503FC /* QuizUITests.swift */; };
		AF3983C31DCDAF4A006503FC /* QuizViewController.swift in Sources */ = {isa = PBXBuildFile; fileRef = AF3983C21DCDAF4A006503FC /* QuizViewController.swift */; };
		AF3983C51DCDAF7E006503FC /* ResultViewController.swift in Sources */ = {isa = PBXBuildFile; fileRef = AF3983C41DCDAF7E006503FC /* ResultViewController.swift */; };
		AF3983CD1DCDD1E0006503FC /* Main.storyboard in Resources */ = {isa = PBXBuildFile; fileRef = AF3983CC1DCDD1E0006503FC /* Main.storyboard */; };
		AF3983CF1DCDD43D006503FC /* 画像１.png in Resources */ = {isa = PBXBuildFile; fileRef = AF3983CE1DCDD43D006503FC /* 画像１.png */; };
		AF3983D11DCDD44A006503FC /* 画像１ のコピー.png in Resources */ = {isa = PBXBuildFile; fileRef = AF3983D01DCDD44A006503FC /* 画像１ のコピー.png */; };
		AF3983D31DCDD4F0006503FC /* 画像２.jpg in Resources */ = {isa = PBXBuildFile; fileRef = AF3983D21DCDD4F0006503FC /* 画像２.jpg */; };
/* End PBXBuildFile section */

/* Begin PBXContainerItemProxy section */
		AF3983A61DCDAE34006503FC /* PBXContainerItemProxy */ = {
			isa = PBXContainerItemProxy;
			containerPortal = AF3983891DCDAE33006503FC /* Project object */;
			proxyType = 1;
			remoteGlobalIDString = AF3983901DCDAE33006503FC;
			remoteInfo = Quiz;
		};
		AF3983B11DCDAE34006503FC /* PBXContainerItemProxy */ = {
			isa = PBXContainerItemProxy;
			containerPortal = AF3983891DCDAE33006503FC /* Project object */;
			proxyType = 1;
			remoteGlobalIDString = AF3983901DCDAE33006503FC;
			remoteInfo = Quiz;
		};
/* End PBXContainerItemProxy section */

/* Begin PBXFileReference section */
		AF3983911DCDAE33006503FC /* Quiz.app */ = {isa = PBXFileReference; explicitFileType = wrapper.application; includeInIndex = 0; path = Quiz.app; sourceTree = BUILT_PRODUCTS_DIR; };
		AF3983941DCDAE33006503FC /* AppDelegate.swift */ = {isa = PBXFileReference; lastKnownFileType = sourcecode.swift; path = AppDelegate.swift; sourceTree = "<group>"; };
		AF3983961DCDAE33006503FC /* ViewController.swift */ = {isa = PBXFileReference; lastKnownFileType = sourcecode.swift; path = ViewController.swift; sourceTree = "<group>"; };
		AF39839B1DCDAE33006503FC /* Assets.xcassets */ = {isa = PBXFileReference; lastKnownFileType = folder.assetcatalog; path = Assets.xcassets; sourceTree = "<group>"; };
		AF39839E1DCDAE33006503FC /* Base */ = {isa = PBXFileReference; lastKnownFileType = file.storyboard; name = Base; path = Base.lproj/LaunchScreen.storyboard; sourceTree = "<group>"; };
		AF3983A01DCDAE34006503FC /* Info.plist */ = {isa = PBXFileReference; lastKnownFileType = text.plist.xml; path = Info.plist; sourceTree = "<group>"; };
		AF3983A51DCDAE34006503FC /* QuizTests.xctest */ = {isa = PBXFileReference; explicitFileType = wrapper.cfbundle; includeInIndex = 0; path = QuizTests.xctest; sourceTree = BUILT_PRODUCTS_DIR; };
		AF3983A91DCDAE34006503FC /* QuizTests.swift */ = {isa = PBXFileReference; lastKnownFileType = sourcecode.swift; path = QuizTests.swift; sourceTree = "<group>"; };
		AF3983AB1DCDAE34006503FC /* Info.plist */ = {isa = PBXFileReference; lastKnownFileType = text.plist.xml; path = Info.plist; sourceTree = "<group>"; };
		AF3983B01DCDAE34006503FC /* QuizUITests.xctest */ = {isa = PBXFileReference; explicitFileType = wrapper.cfbundle; includeInIndex = 0; path = QuizUITests.xctest; sourceTree = BUILT_PRODUCTS_DIR; };
		AF3983B41DCDAE34006503FC /* QuizUITests.swift */ = {isa = PBXFileReference; lastKnownFileType = sourcecode.swift; path = QuizUITests.swift; sourceTree = "<group>"; };
		AF3983B61DCDAE34006503FC /* Info.plist */ = {isa = PBXFileReference; lastKnownFileType = text.plist.xml; path = Info.plist; sourceTree = "<group>"; };
		AF3983C21DCDAF4A006503FC /* QuizViewController.swift */ = {isa = PBXFileReference; fileEncoding = 4; lastKnownFileType = sourcecode.swift; path = QuizViewController.swift; sourceTree = "<group>"; };
		AF3983C41DCDAF7E006503FC /* ResultViewController.swift */ = {isa = PBXFileReference; fileEncoding = 4; lastKnownFileType = sourcecode.swift; path = ResultViewController.swift; sourceTree = "<group>"; };
		AF3983CC1DCDD1E0006503FC /* Main.storyboard */ = {isa = PBXFileReference; fileEncoding = 4; lastKnownFileType = file.storyboard; name = Main.storyboard; path = ../Main.storyboard; sourceTree = "<group>"; };
		AF3983CE1DCDD43D006503FC /* 画像１.png */ = {isa = PBXFileReference; lastKnownFileType = image.png; path = "画像１.png"; sourceTree = "<group>"; };
		AF3983D01DCDD44A006503FC /* 画像１ のコピー.png */ = {isa = PBXFileReference; lastKnownFileType = image.png; path = "画像１ のコピー.png"; sourceTree = "<group>"; };
		AF3983D21DCDD4F0006503FC /* 画像２.jpg */ = {isa = PBXFileReference; lastKnownFileType = image.jpeg; path = "画像２.jpg"; sourceTree = "<group>"; };
/* End PBXFileReference section */

/* Begin PBXFrameworksBuildPhase section */
		AF39838E1DCDAE33006503FC /* Frameworks */ = {
			isa = PBXFrameworksBuildPhase;
			buildActionMask = 2147483647;
			files = (
			);
			runOnlyForDeploymentPostprocessing = 0;
		};
		AF3983A21DCDAE34006503FC /* Frameworks */ = {
			isa = PBXFrameworksBuildPhase;
			buildActionMask = 2147483647;
			files = (
			);
			runOnlyForDeploymentPostprocessing = 0;
		};
		AF3983AD1DCDAE34006503FC /* Frameworks */ = {
			isa = PBXFrameworksBuildPhase;
			buildActionMask = 2147483647;
			files = (
			);
			runOnlyForDeploymentPostprocessing = 0;
		};
/* End PBXFrameworksBuildPhase section */

/* Begin PBXGroup section */
		AF3983881DCDAE33006503FC = {
			isa = PBXGroup;
			children = (
				AF3983931DCDAE33006503FC /* Quiz */,
				AF3983A81DCDAE34006503FC /* QuizTests */,
				AF3983B31DCDAE34006503FC /* QuizUITests */,
				AF3983921DCDAE33006503FC /* Products */,
			);
			sourceTree = "<group>";
		};
		AF3983921DCDAE33006503FC /* Products */ = {
			isa = PBXGroup;
			children = (
				AF3983911DCDAE33006503FC /* Quiz.app */,
				AF3983A51DCDAE34006503FC /* QuizTests.xctest */,
				AF3983B01DCDAE34006503FC /* QuizUITests.xctest */,
			);
			name = Products;
			sourceTree = "<group>";
		};
		AF3983931DCDAE33006503FC /* Quiz */ = {
			isa = PBXGroup;
			children = (
				AF3983D21DCDD4F0006503FC /* 画像２.jpg */,
				AF3983D01DCDD44A006503FC /* 画像１ のコピー.png */,
				AF3983CE1DCDD43D006503FC /* 画像１.png */,
				AF3983941DCDAE33006503FC /* AppDelegate.swift */,
				AF3983961DCDAE33006503FC /* ViewController.swift */,
				AF3983CC1DCDD1E0006503FC /* Main.storyboard */,
				AF39839B1DCDAE33006503FC /* Assets.xcassets */,
				AF39839D1DCDAE33006503FC /* LaunchScreen.storyboard */,
				AF3983A01DCDAE34006503FC /* Info.plist */,
				AF3983C21DCDAF4A006503FC /* QuizViewController.swift */,
				AF3983C41DCDAF7E006503FC /* ResultViewController.swift */,
			);
			path = Quiz;
			sourceTree = "<group>";
		};
		AF3983A81DCDAE34006503FC /* QuizTests */ = {
			isa = PBXGroup;
			children = (
				AF3983A91DCDAE34006503FC /* QuizTests.swift */,
				AF3983AB1DCDAE34006503FC /* Info.plist */,
			);
			path = QuizTests;
			sourceTree = "<group>";
		};
		AF3983B31DCDAE34006503FC /* QuizUITests */ = {
			isa = PBXGroup;
			children = (
				AF3983B41DCDAE34006503FC /* QuizUITests.swift */,
				AF3983B61DCDAE34006503FC /* Info.plist */,
			);
			path = QuizUITests;
			sourceTree = "<group>";
		};
/* End PBXGroup section */

/* Begin PBXNativeTarget section */
		AF3983901DCDAE33006503FC /* Quiz */ = {
			isa = PBXNativeTarget;
			buildConfigurationList = AF3983B91DCDAE34006503FC /* Build configuration list for PBXNativeTarget "Quiz" */;
			buildPhases = (
				AF39838D1DCDAE33006503FC /* Sources */,
				AF39838E1DCDAE33006503FC /* Frameworks */,
				AF39838F1DCDAE33006503FC /* Resources */,
			);
			buildRules = (
			);
			dependencies = (
			);
			name = Quiz;
			productName = Quiz;
			productReference = AF3983911DCDAE33006503FC /* Quiz.app */;
			productType = "com.apple.product-type.application";
		};
		AF3983A41DCDAE34006503FC /* QuizTests */ = {
			isa = PBXNativeTarget;
			buildConfigurationList = AF3983BC1DCDAE34006503FC /* Build configuration list for PBXNativeTarget "QuizTests" */;
			buildPhases = (
				AF3983A11DCDAE34006503FC /* Sources */,
				AF3983A21DCDAE34006503FC /* Frameworks */,
				AF3983A31DCDAE34006503FC /* Resources */,
			);
			buildRules = (
			);
			dependencies = (
				AF3983A71DCDAE34006503FC /* PBXTargetDependency */,
			);
			name = QuizTests;
			productName = QuizTests;
			productReference = AF3983A51DCDAE34006503FC /* QuizTests.xctest */;
			productType = "com.apple.product-type.bundle.unit-test";
		};
		AF3983AF1DCDAE34006503FC /* QuizUITests */ = {
			isa = PBXNativeTarget;
			buildConfigurationList = AF3983BF1DCDAE34006503FC /* Build configuration list for PBXNativeTarget "QuizUITests" */;
			buildPhases = (
				AF3983AC1DCDAE34006503FC /* Sources */,
				AF3983AD1DCDAE34006503FC /* Frameworks */,
				AF3983AE1DCDAE34006503FC /* Resources */,
			);
			buildRules = (
			);
			dependencies = (
				AF3983B21DCDAE34006503FC /* PBXTargetDependency */,
			);
			name = QuizUITests;
			productName = QuizUITests;
			productReference = AF3983B01DCDAE34006503FC /* QuizUITests.xctest */;
			productType = "com.apple.product-type.bundle.ui-testing";
		};
/* End PBXNativeTarget section */

/* Begin PBXProject section */
		AF3983891DCDAE33006503FC /* Project object */ = {
			isa = PBXProject;
			attributes = {
				LastSwiftUpdateCheck = 0730;
				LastUpgradeCheck = 0730;
				ORGANIZATIONNAME = "ぽこここ";
				TargetAttributes = {
					AF3983901DCDAE33006503FC = {
						CreatedOnToolsVersion = 7.3;
					};
					AF3983A41DCDAE34006503FC = {
						CreatedOnToolsVersion = 7.3;
						TestTargetID = AF3983901DCDAE33006503FC;
					};
					AF3983AF1DCDAE34006503FC = {
						CreatedOnToolsVersion = 7.3;
						TestTargetID = AF3983901DCDAE33006503FC;
					};
				};
			};
			buildConfigurationList = AF39838C1DCDAE33006503FC /* Build configuration list for PBXProject "Quiz" */;
			compatibilityVersion = "Xcode 3.2";
			developmentRegion = English;
			hasScannedForEncodings = 0;
			knownRegions = (
				en,
				Base,
			);
			mainGroup = AF3983881DCDAE33006503FC;
			productRefGroup = AF3983921DCDAE33006503FC /* Products */;
			projectDirPath = "";
			projectRoot = "";
			targets = (
				AF3983901DCDAE33006503FC /* Quiz */,
				AF3983A41DCDAE34006503FC /* QuizTests */,
				AF3983AF1DCDAE34006503FC /* QuizUITests */,
			);
		};
/* End PBXProject section */

/* Begin PBXResourcesBuildPhase section */
		AF39838F1DCDAE33006503FC /* Resources */ = {
			isa = PBXResourcesBuildPhase;
			buildActionMask = 2147483647;
			files = (
				AF3983D31DCDD4F0006503FC /* 画像２.jpg in Resources */,
				AF3983CD1DCDD1E0006503FC /* Main.storyboard in Resources */,
				AF3983CF1DCDD43D006503FC /* 画像１.png in Resources */,
				AF39839F1DCDAE33006503FC /* LaunchScreen.storyboard in Resources */,
				AF39839C1DCDAE33006503FC /* Assets.xcassets in Resources */,
				AF3983D11DCDD44A006503FC /* 画像１ のコピー.png in Resources */,
			);
			runOnlyForDeploymentPostprocessing = 0;
		};
		AF3983A31DCDAE34006503FC /* Resources */ = {
			isa = PBXResourcesBuildPhase;
			buildActionMask = 2147483647;
			files = (
			);
			runOnlyForDeploymentPostprocessing = 0;
		};
		AF3983AE1DCDAE34006503FC /* Resources */ = {
			isa = PBXResourcesBuildPhase;
			buildActionMask = 2147483647;
			files = (
			);
			runOnlyForDeploymentPostprocessing = 0;
		};
/* End PBXResourcesBuildPhase section */

/* Begin PBXSourcesBuildPhase section */
		AF39838D1DCDAE33006503FC /* Sources */ = {
			isa = PBXSourcesBuildPhase;
			buildActionMask = 2147483647;
			files = (
				AF3983C31DCDAF4A006503FC /* QuizViewController.swift in Sources */,
				AF3983971DCDAE33006503FC /* ViewController.swift in Sources */,
				AF3983951DCDAE33006503FC /* AppDelegate.swift in Sources */,
				AF3983C51DCDAF7E006503FC /* ResultViewController.swift in Sources */,
			);
			runOnlyForDeploymentPostprocessing = 0;
		};
		AF3983A11DCDAE34006503FC /* Sources */ = {
			isa = PBXSourcesBuildPhase;
			buildActionMask = 2147483647;
			files = (
				AF3983AA1DCDAE34006503FC /* QuizTests.swift in Sources */,
			);
			runOnlyForDeploymentPostprocessing = 0;
		};
		AF3983AC1DCDAE34006503FC /* Sources */ = {
			isa = PBXSourcesBuildPhase;
			buildActionMask = 2147483647;
			files = (
				AF3983B51DCDAE34006503FC /* QuizUITests.swift in Sources */,
			);
			runOnlyForDeploymentPostprocessing = 0;
		};
/* End PBXSourcesBuildPhase section */

/* Begin PBXTargetDependency section */
		AF3983A71DCDAE34006503FC /* PBXTargetDependency */ = {
			isa = PBXTargetDependency;
			target = AF3983901DCDAE33006503FC /* Quiz */;
			targetProxy = AF3983A61DCDAE34006503FC /* PBXContainerItemProxy */;
		};
		AF3983B21DCDAE34006503FC /* PBXTargetDependency */ = {
			isa = PBXTargetDependency;
			target = AF3983901DCDAE33006503FC /* Quiz */;
			targetProxy = AF3983B11DCDAE34006503FC /* PBXContainerItemProxy */;
		};
/* End PBXTargetDependency section */

/* Begin PBXVariantGroup section */
		AF39839D1DCDAE33006503FC /* LaunchScreen.storyboard */ = {
			isa = PBXVariantGroup;
			children = (
				AF39839E1DCDAE33006503FC /* Base */,
			);
			name = LaunchScreen.storyboard;
			sourceTree = "<group>";
		};
/* End PBXVariantGroup section */

/* Begin XCBuildConfiguration section */
		AF3983B71DCDAE34006503FC /* Debug */ = {
			isa = XCBuildConfiguration;
			buildSettings = {
				ALWAYS_SEARCH_USER_PATHS = NO;
				CLANG_ANALYZER_NONNULL = YES;
				CLANG_CXX_LANGUAGE_STANDARD = "gnu++0x";
				CLANG_CXX_LIBRARY = "libc++";
				CLANG_ENABLE_MODULES = YES;
				CLANG_ENABLE_OBJC_ARC = YES;
				CLANG_WARN_BOOL_CONVERSION = YES;
				CLANG_WARN_CONSTANT_CONVERSION = YES;
				CLANG_WARN_DIRECT_OBJC_ISA_USAGE = YES_ERROR;
				CLANG_WARN_EMPTY_BODY = YES;
				CLANG_WARN_ENUM_CONVERSION = YES;
				CLANG_WARN_INT_CONVERSION = YES;
				CLANG_WARN_OBJC_ROOT_CLASS = YES_ERROR;
				CLANG_WARN_UNREACHABLE_CODE = YES;
				CLANG_WARN__DUPLICATE_METHOD_MATCH = YES;
				"CODE_SIGN_IDENTITY[sdk=iphoneos*]" = "iPhone Developer";
				COPY_PHASE_STRIP = NO;
				DEBUG_INFORMATION_FORMAT = dwarf;
				ENABLE_STRICT_OBJC_MSGSEND = YES;
				ENABLE_TESTABILITY = YES;
				GCC_C_LANGUAGE_STANDARD = gnu99;
				GCC_DYNAMIC_NO_PIC = NO;
				GCC_NO_COMMON_BLOCKS = YES;
				GCC_OPTIMIZATION_LEVEL = 0;
				GCC_PREPROCESSOR_DEFINITIONS = (
					"DEBUG=1",
					"$(inherited)",
				);
				GCC_WARN_64_TO_32_BIT_CONVERSION = YES;
				GCC_WARN_ABOUT_RETURN_TYPE = YES_ERROR;
				GCC_WARN_UNDECLARED_SELECTOR = YES;
				GCC_WARN_UNINITIALIZED_AUTOS = YES_AGGRESSIVE;
				GCC_WARN_UNUSED_FUNCTION = YES;
				GCC_WARN_UNUSED_VARIABLE = YES;
				IPHONEOS_DEPLOYMENT_TARGET = 9.3;
				MTL_ENABLE_DEBUG_INFO = YES;
				ONLY_ACTIVE_ARCH = YES;
				SDKROOT = iphoneos;
				SWIFT_OPTIMIZATION_LEVEL = "-Onone";
			};
			name = Debug;
		};
		AF3983B81DCDAE34006503FC /* Release */ = {
			isa = XCBuildConfiguration;
			buildSettings = {
				ALWAYS_SEARCH_USER_PATHS = NO;
				CLANG_ANALYZER_NONNULL = YES;
				CLANG_CXX_LANGUAGE_STANDARD = "gnu++0x";
				CLANG_CXX_LIBRARY = "libc++";
				CLANG_ENABLE_MODULES = YES;
				CLANG_ENABLE_OBJC_ARC = YES;
				CLANG_WARN_BOOL_CONVERSION = YES;
				CLANG_WARN_CONSTANT_CONVERSION = YES;
				CLANG_WARN_DIRECT_OBJC_ISA_USAGE = YES_ERROR;
				CLANG_WARN_EMPTY_BODY = YES;
				CLANG_WARN_ENUM_CONVERSION = YES;
				CLANG_WARN_INT_CONVERSION = YES;
				CLANG_WARN_OBJC_ROOT_CLASS = YES_ERROR;
				CLANG_WARN_UNREACHABLE_CODE = YES;
				CLANG_WARN__DUPLICATE_METHOD_MATCH = YES;
				"CODE_SIGN_IDENTITY[sdk=iphoneos*]" = "iPhone Developer";
				COPY_PHASE_STRIP = NO;
				DEBUG_INFORMATION_FORMAT = "dwarf-with-dsym";
				ENABLE_NS_ASSERTIONS = NO;
				ENABLE_STRICT_OBJC_MSGSEND = YES;
				GCC_C_LANGUAGE_STANDARD = gnu99;
				GCC_NO_COMMON_BLOCKS = YES;
				GCC_WARN_64_TO_32_BIT_CONVERSION = YES;
				GCC_WARN_ABOUT_RETURN_TYPE = YES_ERROR;
				GCC_WARN_UNDECLARED_SELECTOR = YES;
				GCC_WARN_UNINITIALIZED_AUTOS = YES_AGGRESSIVE;
				GCC_WARN_UNUSED_FUNCTION = YES;
				GCC_WARN_UNUSED_VARIABLE = YES;
				IPHONEOS_DEPLOYMENT_TARGET = 9.3;
				MTL_ENABLE_DEBUG_INFO = NO;
				SDKROOT = iphoneos;
				VALIDATE_PRODUCT = YES;
			};
			name = Release;
		};
		AF3983BA1DCDAE34006503FC /* Debug */ = {
			isa = XCBuildConfiguration;
			buildSettings = {
				ASSETCATALOG_COMPILER_APPICON_NAME = AppIcon;
				INFOPLIST_FILE = Quiz/Info.plist;
				LD_RUNPATH_SEARCH_PATHS = "$(inherited) @executable_path/Frameworks";
				PRODUCT_BUNDLE_IDENTIFIER = com.litech.Quiz;
				PRODUCT_NAME = "$(TARGET_NAME)";
			};
			name = Debug;
		};
		AF3983BB1DCDAE34006503FC /* Release */ = {
			isa = XCBuildConfiguration;
			buildSettings = {
				ASSETCATALOG_COMPILER_APPICON_NAME = AppIcon;
				INFOPLIST_FILE = Quiz/Info.plist;
				LD_RUNPATH_SEARCH_PATHS = "$(inherited) @executable_path/Frameworks";
				PRODUCT_BUNDLE_IDENTIFIER = com.litech.Quiz;
				PRODUCT_NAME = "$(TARGET_NAME)";
			};
			name = Release;
		};
		AF3983BD1DCDAE34006503FC /* Debug */ = {
			isa = XCBuildConfiguration;
			buildSettings = {
				BUNDLE_LOADER = "$(TEST_HOST)";
				INFOPLIST_FILE = QuizTests/Info.plist;
				LD_RUNPATH_SEARCH_PATHS = "$(inherited) @executable_path/Frameworks @loader_path/Frameworks";
				PRODUCT_BUNDLE_IDENTIFIER = com.litech.QuizTests;
				PRODUCT_NAME = "$(TARGET_NAME)";
				TEST_HOST = "$(BUILT_PRODUCTS_DIR)/Quiz.app/Quiz";
			};
			name = Debug;
		};
		AF3983BE1DCDAE34006503FC /* Release */ = {
			isa = XCBuildConfiguration;
			buildSettings = {
				BUNDLE_LOADER = "$(TEST_HOST)";
				INFOPLIST_FILE = QuizTests/Info.plist;
				LD_RUNPATH_SEARCH_PATHS = "$(inherited) @executable_path/Frameworks @loader_path/Frameworks";
				PRODUCT_BUNDLE_IDENTIFIER = com.litech.QuizTests;
				PRODUCT_NAME = "$(TARGET_NAME)";
				TEST_HOST = "$(BUILT_PRODUCTS_DIR)/Quiz.app/Quiz";
			};
			name = Release;
		};
		AF3983C01DCDAE34006503FC /* Debug */ = {
			isa = XCBuildConfiguration;
			buildSettings = {
				INFOPLIST_FILE = QuizUITests/Info.plist;
				LD_RUNPATH_SEARCH_PATHS = "$(inherited) @executable_path/Frameworks @loader_path/Frameworks";
				PRODUCT_BUNDLE_IDENTIFIER = com.litech.QuizUITests;
				PRODUCT_NAME = "$(TARGET_NAME)";
				TEST_TARGET_NAME = Quiz;
			};
			name = Debug;
		};
		AF3983C11DCDAE34006503FC /* Release */ = {
			isa = XCBuildConfiguration;
			buildSettings = {
				INFOPLIST_FILE = QuizUITests/Info.plist;
				LD_RUNPATH_SEARCH_PATHS = "$(inherited) @executable_path/Frameworks @loader_path/Frameworks";
				PRODUCT_BUNDLE_IDENTIFIER = com.litech.QuizUITests;
				PRODUCT_NAME = "$(TARGET_NAME)";
				TEST_TARGET_NAME = Quiz;
			};
			name = Release;
		};
/* End XCBuildConfiguration section */

/* Begin XCConfigurationList section */
		AF39838C1DCDAE33006503FC /* Build configuration list for PBXProject "Quiz" */ = {
			isa = XCConfigurationList;
			buildConfigurations = (
				AF3983B71DCDAE34006503FC /* Debug */,
				AF3983B81DCDAE34006503FC /* Release */,
			);
			defaultConfigurationIsVisible = 0;
			defaultConfigurationName = Release;
		};
		AF3983B91DCDAE34006503FC /* Build configuration list for PBXNativeTarget "Quiz" */ = {
			isa = XCConfigurationList;
			buildConfigurations = (
				AF3983BA1DCDAE34006503FC /* Debug */,
				AF3983BB1DCDAE34006503FC /* Release */,
			);
			defaultConfigurationIsVisible = 0;
		};
		AF3983BC1DCDAE34006503FC /* Build configuration list for PBXNativeTarget "QuizTests" */ = {
			isa = XCConfigurationList;
			buildConfigurations = (
				AF3983BD1DCDAE34006503FC /* Debug */,
				AF3983BE1DCDAE34006503FC /* Release */,
			);
			defaultConfigurationIsVisible = 0;
		};
		AF3983BF1DCDAE34006503FC /* Build configuration list for PBXNativeTarget "QuizUITests" */ = {
			isa = XCConfigurationList;
			buildConfigurations = (
				AF3983C01DCDAE34006503FC /* Debug */,
				AF3983C11DCDAE34006503FC /* Release */,
			);
			defaultConfigurationIsVisible = 0;
		};
/* End XCConfigurationList section */
	};
	rootObject = AF3983891DCDAE33006503FC /* Project object */;
}
